// !$*UTF8*$!
{
	archiveVersion = 1;
	classes = {
	};
	objectVersion = 46;
	objects = {

/* Begin PBXBuildFile section */
		BF135C2318D1C09200299D05 /* CreateAccountViewController.m in Sources */ = {isa = PBXBuildFile; fileRef = BF135C2118D1C09200299D05 /* CreateAccountViewController.m */; };
		BF135C2418D1C09200299D05 /* CreateAccountViewController.xib in Resources */ = {isa = PBXBuildFile; fileRef = BF135C2218D1C09200299D05 /* CreateAccountViewController.xib */; };
		BF6986D518B9D2E80004E31F /* Foundation.framework in Frameworks */ = {isa = PBXBuildFile; fileRef = BF6986D418B9D2E80004E31F /* Foundation.framework */; };
		BF6986D718B9D2E80004E31F /* CoreGraphics.framework in Frameworks */ = {isa = PBXBuildFile; fileRef = BF6986D618B9D2E80004E31F /* CoreGraphics.framework */; };
		BF6986D918B9D2E80004E31F /* UIKit.framework in Frameworks */ = {isa = PBXBuildFile; fileRef = BF6986D818B9D2E80004E31F /* UIKit.framework */; };
		BF6986DF18B9D2E80004E31F /* InfoPlist.strings in Resources */ = {isa = PBXBuildFile; fileRef = BF6986DD18B9D2E80004E31F /* InfoPlist.strings */; };
		BF6986E118B9D2E80004E31F /* main.m in Sources */ = {isa = PBXBuildFile; fileRef = BF6986E018B9D2E80004E31F /* main.m */; };
		BF6986E518B9D2E80004E31F /* AppDelegate.m in Sources */ = {isa = PBXBuildFile; fileRef = BF6986E418B9D2E80004E31F /* AppDelegate.m */; };
		BF6986E718B9D2E80004E31F /* Images.xcassets in Resources */ = {isa = PBXBuildFile; fileRef = BF6986E618B9D2E80004E31F /* Images.xcassets */; };
		BF6986EE18B9D2E80004E31F /* XCTest.framework in Frameworks */ = {isa = PBXBuildFile; fileRef = BF6986ED18B9D2E80004E31F /* XCTest.framework */; };
		BF6986EF18B9D2E80004E31F /* Foundation.framework in Frameworks */ = {isa = PBXBuildFile; fileRef = BF6986D418B9D2E80004E31F /* Foundation.framework */; };
		BF6986F018B9D2E80004E31F /* UIKit.framework in Frameworks */ = {isa = PBXBuildFile; fileRef = BF6986D818B9D2E80004E31F /* UIKit.framework */; };
		BF6986F818B9D2E80004E31F /* InfoPlist.strings in Resources */ = {isa = PBXBuildFile; fileRef = BF6986F618B9D2E80004E31F /* InfoPlist.strings */; };
		BF6986FA18B9D2E80004E31F /* Sub_PortTests.m in Sources */ = {isa = PBXBuildFile; fileRef = BF6986F918B9D2E80004E31F /* Sub_PortTests.m */; };
		BF69871618BA82B90004E31F /* LoginViewController.m in Sources */ = {isa = PBXBuildFile; fileRef = BF69871418BA82B90004E31F /* LoginViewController.m */; };
		BF69871718BA82B90004E31F /* LoginViewController.xib in Resources */ = {isa = PBXBuildFile; fileRef = BF69871518BA82B90004E31F /* LoginViewController.xib */; };
		BF69871B18BA82D00004E31F /* MainViewController.m in Sources */ = {isa = PBXBuildFile; fileRef = BF69871918BA82D00004E31F /* MainViewController.m */; };
		BF69871C18BA82D00004E31F /* MainViewController.xib in Resources */ = {isa = PBXBuildFile; fileRef = BF69871A18BA82D00004E31F /* MainViewController.xib */; };
		BF69871F18BA850C0004E31F /* VerifiedUser.m in Sources */ = {isa = PBXBuildFile; fileRef = BF69871E18BA850C0004E31F /* VerifiedUser.m */; };
		BF7A776718D3AEA60035C267 /* WebServiceURLBuilder.m in Sources */ = {isa = PBXBuildFile; fileRef = BF7A776618D3AEA60035C267 /* WebServiceURLBuilder.m */; };
		BF7A776A18D3B1100035C267 /* LoginWebServiceOperation.m in Sources */ = {isa = PBXBuildFile; fileRef = BF7A776918D3B1100035C267 /* LoginWebServiceOperation.m */; };
/* End PBXBuildFile section */

/* Begin PBXContainerItemProxy section */
		BF6986F118B9D2E80004E31F /* PBXContainerItemProxy */ = {
			isa = PBXContainerItemProxy;
			containerPortal = BF6986C918B9D2E80004E31F /* Project object */;
			proxyType = 1;
			remoteGlobalIDString = BF6986D018B9D2E80004E31F;
			remoteInfo = "Sub Port";
		};
/* End PBXContainerItemProxy section */

/* Begin PBXFileReference section */
		BF135C2018D1C09200299D05 /* CreateAccountViewController.h */ = {isa = PBXFileReference; fileEncoding = 4; lastKnownFileType = sourcecode.c.h; path = CreateAccountViewController.h; sourceTree = "<group>"; };
		BF135C2118D1C09200299D05 /* CreateAccountViewController.m */ = {isa = PBXFileReference; fileEncoding = 4; lastKnownFileType = sourcecode.c.objc; path = CreateAccountViewController.m; sourceTree = "<group>"; };
		BF135C2218D1C09200299D05 /* CreateAccountViewController.xib */ = {isa = PBXFileReference; fileEncoding = 4; lastKnownFileType = file.xib; path = CreateAccountViewController.xib; sourceTree = "<group>"; };
		BF6986D118B9D2E80004E31F /* Sub Port.app */ = {isa = PBXFileReference; explicitFileType = wrapper.application; includeInIndex = 0; path = "Sub Port.app"; sourceTree = BUILT_PRODUCTS_DIR; };
		BF6986D418B9D2E80004E31F /* Foundation.framework */ = {isa = PBXFileReference; lastKnownFileType = wrapper.framework; name = Foundation.framework; path = System/Library/Frameworks/Foundation.framework; sourceTree = SDKROOT; };
		BF6986D618B9D2E80004E31F /* CoreGraphics.framework */ = {isa = PBXFileReference; lastKnownFileType = wrapper.framework; name = CoreGraphics.framework; path = System/Library/Frameworks/CoreGraphics.framework; sourceTree = SDKROOT; };
		BF6986D818B9D2E80004E31F /* UIKit.framework */ = {isa = PBXFileReference; lastKnownFileType = wrapper.framework; name = UIKit.framework; path = System/Library/Frameworks/UIKit.framework; sourceTree = SDKROOT; };
		BF6986DC18B9D2E80004E31F /* Sub Port-Info.plist */ = {isa = PBXFileReference; lastKnownFileType = text.plist.xml; path = "Sub Port-Info.plist"; sourceTree = "<group>"; };
		BF6986DE18B9D2E80004E31F /* en */ = {isa = PBXFileReference; lastKnownFileType = text.plist.strings; name = en; path = en.lproj/InfoPlist.strings; sourceTree = "<group>"; };
		BF6986E018B9D2E80004E31F /* main.m */ = {isa = PBXFileReference; lastKnownFileType = sourcecode.c.objc; path = main.m; sourceTree = "<group>"; };
		BF6986E218B9D2E80004E31F /* Sub Port-Prefix.pch */ = {isa = PBXFileReference; lastKnownFileType = sourcecode.c.h; path = "Sub Port-Prefix.pch"; sourceTree = "<group>"; };
		BF6986E318B9D2E80004E31F /* AppDelegate.h */ = {isa = PBXFileReference; lastKnownFileType = sourcecode.c.h; path = AppDelegate.h; sourceTree = "<group>"; };
		BF6986E418B9D2E80004E31F /* AppDelegate.m */ = {isa = PBXFileReference; lastKnownFileType = sourcecode.c.objc; path = AppDelegate.m; sourceTree = "<group>"; };
		BF6986E618B9D2E80004E31F /* Images.xcassets */ = {isa = PBXFileReference; lastKnownFileType = folder.assetcatalog; path = Images.xcassets; sourceTree = "<group>"; };
		BF6986EC18B9D2E80004E31F /* Sub PortTests.xctest */ = {isa = PBXFileReference; explicitFileType = wrapper.cfbundle; includeInIndex = 0; path = "Sub PortTests.xctest"; sourceTree = BUILT_PRODUCTS_DIR; };
		BF6986ED18B9D2E80004E31F /* XCTest.framework */ = {isa = PBXFileReference; lastKnownFileType = wrapper.framework; name = XCTest.framework; path = Library/Frameworks/XCTest.framework; sourceTree = DEVELOPER_DIR; };
		BF6986F518B9D2E80004E31F /* Sub PortTests-Info.plist */ = {isa = PBXFileReference; lastKnownFileType = text.plist.xml; path = "Sub PortTests-Info.plist"; sourceTree = "<group>"; };
		BF6986F718B9D2E80004E31F /* en */ = {isa = PBXFileReference; lastKnownFileType = text.plist.strings; name = en; path = en.lproj/InfoPlist.strings; sourceTree = "<group>"; };
		BF6986F918B9D2E80004E31F /* Sub_PortTests.m */ = {isa = PBXFileReference; lastKnownFileType = sourcecode.c.objc; path = Sub_PortTests.m; sourceTree = "<group>"; };
		BF69871318BA82B90004E31F /* LoginViewController.h */ = {isa = PBXFileReference; fileEncoding = 4; lastKnownFileType = sourcecode.c.h; path = LoginViewController.h; sourceTree = "<group>"; };
		BF69871418BA82B90004E31F /* LoginViewController.m */ = {isa = PBXFileReference; fileEncoding = 4; lastKnownFileType = sourcecode.c.objc; path = LoginViewController.m; sourceTree = "<group>"; };
		BF69871518BA82B90004E31F /* LoginViewController.xib */ = {isa = PBXFileReference; fileEncoding = 4; lastKnownFileType = file.xib; path = LoginViewController.xib; sourceTree = "<group>"; };
		BF69871818BA82D00004E31F /* MainViewController.h */ = {isa = PBXFileReference; fileEncoding = 4; lastKnownFileType = sourcecode.c.h; path = MainViewController.h; sourceTree = "<group>"; };
		BF69871918BA82D00004E31F /* MainViewController.m */ = {isa = PBXFileReference; fileEncoding = 4; lastKnownFileType = sourcecode.c.objc; path = MainViewController.m; sourceTree = "<group>"; };
		BF69871A18BA82D00004E31F /* MainViewController.xib */ = {isa = PBXFileReference; fileEncoding = 4; lastKnownFileType = file.xib; path = MainViewController.xib; sourceTree = "<group>"; };
		BF69871D18BA850C0004E31F /* VerifiedUser.h */ = {isa = PBXFileReference; fileEncoding = 4; lastKnownFileType = sourcecode.c.h; path = VerifiedUser.h; sourceTree = "<group>"; };
		BF69871E18BA850C0004E31F /* VerifiedUser.m */ = {isa = PBXFileReference; fileEncoding = 4; lastKnownFileType = sourcecode.c.objc; path = VerifiedUser.m; sourceTree = "<group>"; };
		BF7A776518D3AEA60035C267 /* WebServiceURLBuilder.h */ = {isa = PBXFileReference; fileEncoding = 4; lastKnownFileType = sourcecode.c.h; path = WebServiceURLBuilder.h; sourceTree = "<group>"; };
		BF7A776618D3AEA60035C267 /* WebServiceURLBuilder.m */ = {isa = PBXFileReference; fileEncoding = 4; lastKnownFileType = sourcecode.c.objc; path = WebServiceURLBuilder.m; sourceTree = "<group>"; };
		BF7A776818D3B1100035C267 /* LoginWebServiceOperation.h */ = {isa = PBXFileReference; fileEncoding = 4; lastKnownFileType = sourcecode.c.h; path = LoginWebServiceOperation.h; sourceTree = "<group>"; };
		BF7A776918D3B1100035C267 /* LoginWebServiceOperation.m */ = {isa = PBXFileReference; fileEncoding = 4; lastKnownFileType = sourcecode.c.objc; path = LoginWebServiceOperation.m; sourceTree = "<group>"; };
/* End PBXFileReference section */

/* Begin PBXFrameworksBuildPhase section */
		BF6986CE18B9D2E80004E31F /* Frameworks */ = {
			isa = PBXFrameworksBuildPhase;
			buildActionMask = 2147483647;
			files = (
				BF6986D718B9D2E80004E31F /* CoreGraphics.framework in Frameworks */,
				BF6986D918B9D2E80004E31F /* UIKit.framework in Frameworks */,
				BF6986D518B9D2E80004E31F /* Foundation.framework in Frameworks */,
			);
			runOnlyForDeploymentPostprocessing = 0;
		};
		BF6986E918B9D2E80004E31F /* Frameworks */ = {
			isa = PBXFrameworksBuildPhase;
			buildActionMask = 2147483647;
			files = (
				BF6986EE18B9D2E80004E31F /* XCTest.framework in Frameworks */,
				BF6986F018B9D2E80004E31F /* UIKit.framework in Frameworks */,
				BF6986EF18B9D2E80004E31F /* Foundation.framework in Frameworks */,
			);
			runOnlyForDeploymentPostprocessing = 0;
		};
/* End PBXFrameworksBuildPhase section */

/* Begin PBXGroup section */
		BF6986C818B9D2E80004E31F = {
			isa = PBXGroup;
			children = (
				BF6986DA18B9D2E80004E31F /* Sub Port */,
				BF6986F318B9D2E80004E31F /* Sub PortTests */,
				BF6986D318B9D2E80004E31F /* Frameworks */,
				BF6986D218B9D2E80004E31F /* Products */,
			);
			sourceTree = "<group>";
		};
		BF6986D218B9D2E80004E31F /* Products */ = {
			isa = PBXGroup;
			children = (
				BF6986D118B9D2E80004E31F /* Sub Port.app */,
				BF6986EC18B9D2E80004E31F /* Sub PortTests.xctest */,
			);
			name = Products;
			sourceTree = "<group>";
		};
		BF6986D318B9D2E80004E31F /* Frameworks */ = {
			isa = PBXGroup;
			children = (
				BF6986D418B9D2E80004E31F /* Foundation.framework */,
				BF6986D618B9D2E80004E31F /* CoreGraphics.framework */,
				BF6986D818B9D2E80004E31F /* UIKit.framework */,
				BF6986ED18B9D2E80004E31F /* XCTest.framework */,
			);
			name = Frameworks;
			sourceTree = "<group>";
		};
		BF6986DA18B9D2E80004E31F /* Sub Port */ = {
			isa = PBXGroup;
			children = (
				BF6986E318B9D2E80004E31F /* AppDelegate.h */,
				BF6986E418B9D2E80004E31F /* AppDelegate.m */,
				BF6986E618B9D2E80004E31F /* Images.xcassets */,
				BF69871D18BA850C0004E31F /* VerifiedUser.h */,
				BF69871E18BA850C0004E31F /* VerifiedUser.m */,
				BF7A776418D3ADEC0035C267 /* Networking */,
				BF69871218B9D97A0004E31F /* View Controllers */,
				BF6986DB18B9D2E80004E31F /* Supporting Files */,
			);
			path = "Sub Port";
			sourceTree = "<group>";
		};
		BF6986DB18B9D2E80004E31F /* Supporting Files */ = {
			isa = PBXGroup;
			children = (
				BF6986DC18B9D2E80004E31F /* Sub Port-Info.plist */,
				BF6986DD18B9D2E80004E31F /* InfoPlist.strings */,
				BF6986E018B9D2E80004E31F /* main.m */,
				BF6986E218B9D2E80004E31F /* Sub Port-Prefix.pch */,
			);
			name = "Supporting Files";
			sourceTree = "<group>";
		};
		BF6986F318B9D2E80004E31F /* Sub PortTests */ = {
			isa = PBXGroup;
			children = (
				BF6986F918B9D2E80004E31F /* Sub_PortTests.m */,
				BF6986F418B9D2E80004E31F /* Supporting Files */,
			);
			path = "Sub PortTests";
			sourceTree = "<group>";
		};
		BF6986F418B9D2E80004E31F /* Supporting Files */ = {
			isa = PBXGroup;
			children = (
				BF6986F518B9D2E80004E31F /* Sub PortTests-Info.plist */,
				BF6986F618B9D2E80004E31F /* InfoPlist.strings */,
			);
			name = "Supporting Files";
			sourceTree = "<group>";
		};
		BF69871218B9D97A0004E31F /* View Controllers */ = {
			isa = PBXGroup;
			children = (
				BF69871318BA82B90004E31F /* LoginViewController.h */,
				BF69871418BA82B90004E31F /* LoginViewController.m */,
				BF69871518BA82B90004E31F /* LoginViewController.xib */,
				BF69871818BA82D00004E31F /* MainViewController.h */,
				BF69871918BA82D00004E31F /* MainViewController.m */,
				BF69871A18BA82D00004E31F /* MainViewController.xib */,
				BF135C2018D1C09200299D05 /* CreateAccountViewController.h */,
				BF135C2118D1C09200299D05 /* CreateAccountViewController.m */,
				BF135C2218D1C09200299D05 /* CreateAccountViewController.xib */,
			);
			path = "View Controllers";
			sourceTree = "<group>";
		};
		BF7A776418D3ADEC0035C267 /* Networking */ = {
			isa = PBXGroup;
			children = (
				BF7A776518D3AEA60035C267 /* WebServiceURLBuilder.h */,
				BF7A776618D3AEA60035C267 /* WebServiceURLBuilder.m */,
				BF7A776818D3B1100035C267 /* LoginWebServiceOperation.h */,
				BF7A776918D3B1100035C267 /* LoginWebServiceOperation.m */,
			);
			path = Networking;
			sourceTree = "<group>";
		};
/* End PBXGroup section */

/* Begin PBXNativeTarget section */
		BF6986D018B9D2E80004E31F /* Sub Port */ = {
			isa = PBXNativeTarget;
			buildConfigurationList = BF6986FD18B9D2E80004E31F /* Build configuration list for PBXNativeTarget "Sub Port" */;
			buildPhases = (
				BF6986CD18B9D2E80004E31F /* Sources */,
				BF6986CE18B9D2E80004E31F /* Frameworks */,
				BF6986CF18B9D2E80004E31F /* Resources */,
			);
			buildRules = (
			);
			dependencies = (
			);
			name = "Sub Port";
			productName = "Sub Port";
			productReference = BF6986D118B9D2E80004E31F /* Sub Port.app */;
			productType = "com.apple.product-type.application";
		};
		BF6986EB18B9D2E80004E31F /* Sub PortTests */ = {
			isa = PBXNativeTarget;
			buildConfigurationList = BF69870018B9D2E80004E31F /* Build configuration list for PBXNativeTarget "Sub PortTests" */;
			buildPhases = (
				BF6986E818B9D2E80004E31F /* Sources */,
				BF6986E918B9D2E80004E31F /* Frameworks */,
				BF6986EA18B9D2E80004E31F /* Resources */,
			);
			buildRules = (
			);
			dependencies = (
				BF6986F218B9D2E80004E31F /* PBXTargetDependency */,
			);
			name = "Sub PortTests";
			productName = "Sub PortTests";
			productReference = BF6986EC18B9D2E80004E31F /* Sub PortTests.xctest */;
			productType = "com.apple.product-type.bundle.unit-test";
		};
/* End PBXNativeTarget section */

/* Begin PBXProject section */
		BF6986C918B9D2E80004E31F /* Project object */ = {
			isa = PBXProject;
			attributes = {
				LastUpgradeCheck = 0500;
				ORGANIZATIONNAME = "Sub Port Inc.";
				TargetAttributes = {
					BF6986EB18B9D2E80004E31F = {
						TestTargetID = BF6986D018B9D2E80004E31F;
					};
				};
			};
			buildConfigurationList = BF6986CC18B9D2E80004E31F /* Build configuration list for PBXProject "Sub Port" */;
			compatibilityVersion = "Xcode 3.2";
			developmentRegion = English;
			hasScannedForEncodings = 0;
			knownRegions = (
				en,
			);
			mainGroup = BF6986C818B9D2E80004E31F;
			productRefGroup = BF6986D218B9D2E80004E31F /* Products */;
			projectDirPath = "";
			projectRoot = "";
			targets = (
				BF6986D018B9D2E80004E31F /* Sub Port */,
				BF6986EB18B9D2E80004E31F /* Sub PortTests */,
			);
		};
/* End PBXProject section */

/* Begin PBXResourcesBuildPhase section */
		BF6986CF18B9D2E80004E31F /* Resources */ = {
			isa = PBXResourcesBuildPhase;
			buildActionMask = 2147483647;
			files = (
				BF6986DF18B9D2E80004E31F /* InfoPlist.strings in Resources */,
				BF6986E718B9D2E80004E31F /* Images.xcassets in Resources */,
				BF135C2418D1C09200299D05 /* CreateAccountViewController.xib in Resources */,
				BF69871718BA82B90004E31F /* LoginViewController.xib in Resources */,
				BF69871C18BA82D00004E31F /* MainViewController.xib in Resources */,
			);
			runOnlyForDeploymentPostprocessing = 0;
		};
		BF6986EA18B9D2E80004E31F /* Resources */ = {
			isa = PBXResourcesBuildPhase;
			buildActionMask = 2147483647;
			files = (
				BF6986F818B9D2E80004E31F /* InfoPlist.strings in Resources */,
			);
			runOnlyForDeploymentPostprocessing = 0;
		};
/* End PBXResourcesBuildPhase section */

/* Begin PBXSourcesBuildPhase section */
		BF6986CD18B9D2E80004E31F /* Sources */ = {
			isa = PBXSourcesBuildPhase;
			buildActionMask = 2147483647;
			files = (
				BF7A776718D3AEA60035C267 /* WebServiceURLBuilder.m in Sources */,
				BF69871F18BA850C0004E31F /* VerifiedUser.m in Sources */,
				BF6986E518B9D2E80004E31F /* AppDelegate.m in Sources */,
				BF135C2318D1C09200299D05 /* CreateAccountViewController.m in Sources */,
				BF6986E118B9D2E80004E31F /* main.m in Sources */,
				BF69871618BA82B90004E31F /* LoginViewController.m in Sources */,
				BF7A776A18D3B1100035C267 /* LoginWebServiceOperation.m in Sources */,
				BF69871B18BA82D00004E31F /* MainViewController.m in Sources */,
			);
			runOnlyForDeploymentPostprocessing = 0;
		};
		BF6986E818B9D2E80004E31F /* Sources */ = {
			isa = PBXSourcesBuildPhase;
			buildActionMask = 2147483647;
			files = (
				BF6986FA18B9D2E80004E31F /* Sub_PortTests.m in Sources */,
			);
			runOnlyForDeploymentPostprocessing = 0;
		};
/* End PBXSourcesBuildPhase section */

/* Begin PBXTargetDependency section */
		BF6986F218B9D2E80004E31F /* PBXTargetDependency */ = {
			isa = PBXTargetDependency;
			target = BF6986D018B9D2E80004E31F /* Sub Port */;
			targetProxy = BF6986F118B9D2E80004E31F /* PBXContainerItemProxy */;
		};
/* End PBXTargetDependency section */

/* Begin PBXVariantGroup section */
		BF6986DD18B9D2E80004E31F /* InfoPlist.strings */ = {
			isa = PBXVariantGroup;
			children = (
				BF6986DE18B9D2E80004E31F /* en */,
			);
			name = InfoPlist.strings;
			sourceTree = "<group>";
		};
		BF6986F618B9D2E80004E31F /* InfoPlist.strings */ = {
			isa = PBXVariantGroup;
			children = (
				BF6986F718B9D2E80004E31F /* en */,
			);
			name = InfoPlist.strings;
			sourceTree = "<group>";
		};
/* End PBXVariantGroup section */

/* Begin XCBuildConfiguration section */
		BF6986FB18B9D2E80004E31F /* Debug */ = {
			isa = XCBuildConfiguration;
			buildSettings = {
				ALWAYS_SEARCH_USER_PATHS = NO;
				ARCHS = "$(ARCHS_STANDARD_INCLUDING_64_BIT)";
				CLANG_CXX_LANGUAGE_STANDARD = "gnu++0x";
				CLANG_CXX_LIBRARY = "libc++";
				CLANG_ENABLE_MODULES = YES;
				CLANG_ENABLE_OBJC_ARC = YES;
				CLANG_WARN_BOOL_CONVERSION = YES;
				CLANG_WARN_CONSTANT_CONVERSION = YES;
				CLANG_WARN_DIRECT_OBJC_ISA_USAGE = YES_ERROR;
				CLANG_WARN_EMPTY_BODY = YES;
				CLANG_WARN_ENUM_CONVERSION = YES;
				CLANG_WARN_INT_CONVERSION = YES;
				CLANG_WARN_OBJC_ROOT_CLASS = YES_ERROR;
				CLANG_WARN__DUPLICATE_METHOD_MATCH = YES;
				"CODE_SIGN_IDENTITY[sdk=iphoneos*]" = "iPhone Developer";
				COPY_PHASE_STRIP = NO;
				GCC_C_LANGUAGE_STANDARD = gnu99;
				GCC_DYNAMIC_NO_PIC = NO;
				GCC_OPTIMIZATION_LEVEL = 0;
				GCC_PREPROCESSOR_DEFINITIONS = (
					"DEBUG=1",
					"$(inherited)",
				);
				GCC_SYMBOLS_PRIVATE_EXTERN = NO;
				GCC_WARN_64_TO_32_BIT_CONVERSION = YES;
				GCC_WARN_ABOUT_RETURN_TYPE = YES_ERROR;
				GCC_WARN_UNDECLARED_SELECTOR = YES;
				GCC_WARN_UNINITIALIZED_AUTOS = YES;
				GCC_WARN_UNUSED_FUNCTION = YES;
				GCC_WARN_UNUSED_VARIABLE = YES;
				IPHONEOS_DEPLOYMENT_TARGET = 7.0;
				ONLY_ACTIVE_ARCH = YES;
				SDKROOT = iphoneos;
				TARGETED_DEVICE_FAMILY = "1,2";
			};
			name = Debug;
		};
		BF6986FC18B9D2E80004E31F /* Release */ = {
			isa = XCBuildConfiguration;
			buildSettings = {
				ALWAYS_SEARCH_USER_PATHS = NO;
				ARCHS = "$(ARCHS_STANDARD_INCLUDING_64_BIT)";
				CLANG_CXX_LANGUAGE_STANDARD = "gnu++0x";
				CLANG_CXX_LIBRARY = "libc++";
				CLANG_ENABLE_MODULES = YES;
				CLANG_ENABLE_OBJC_ARC = YES;
				CLANG_WARN_BOOL_CONVERSION = YES;
				CLANG_WARN_CONSTANT_CONVERSION = YES;
				CLANG_WARN_DIRECT_OBJC_ISA_USAGE = YES_ERROR;
				CLANG_WARN_EMPTY_BODY = YES;
				CLANG_WARN_ENUM_CONVERSION = YES;
				CLANG_WARN_INT_CONVERSION = YES;
				CLANG_WARN_OBJC_ROOT_CLASS = YES_ERROR;
				CLANG_WARN__DUPLICATE_METHOD_MATCH = YES;
				"CODE_SIGN_IDENTITY[sdk=iphoneos*]" = "iPhone Developer";
				COPY_PHASE_STRIP = YES;
				ENABLE_NS_ASSERTIONS = NO;
				GCC_C_LANGUAGE_STANDARD = gnu99;
				GCC_WARN_64_TO_32_BIT_CONVERSION = YES;
				GCC_WARN_ABOUT_RETURN_TYPE = YES_ERROR;
				GCC_WARN_UNDECLARED_SELECTOR = YES;
				GCC_WARN_UNINITIALIZED_AUTOS = YES;
				GCC_WARN_UNUSED_FUNCTION = YES;
				GCC_WARN_UNUSED_VARIABLE = YES;
				IPHONEOS_DEPLOYMENT_TARGET = 7.0;
				SDKROOT = iphoneos;
				TARGETED_DEVICE_FAMILY = "1,2";
				VALIDATE_PRODUCT = YES;
			};
			name = Release;
		};
		BF6986FE18B9D2E80004E31F /* Debug */ = {
			isa = XCBuildConfiguration;
			buildSettings = {
				ASSETCATALOG_COMPILER_APPICON_NAME = AppIcon;
				ASSETCATALOG_COMPILER_LAUNCHIMAGE_NAME = LaunchImage;
				CODE_SIGN_IDENTITY = "iPhone Developer";
				GCC_PRECOMPILE_PREFIX_HEADER = YES;
				GCC_PREFIX_HEADER = "Sub Port/Sub Port-Prefix.pch";
				INFOPLIST_FILE = "Sub Port/Sub Port-Info.plist";
				PRODUCT_NAME = "$(TARGET_NAME)";
				WRAPPER_EXTENSION = app;
			};
			name = Debug;
		};
		BF6986FF18B9D2E80004E31F /* Release */ = {
			isa = XCBuildConfiguration;
			buildSettings = {
				ASSETCATALOG_COMPILER_APPICON_NAME = AppIcon;
				ASSETCATALOG_COMPILER_LAUNCHIMAGE_NAME = LaunchImage;
				CODE_SIGN_IDENTITY = "iPhone Developer";
				GCC_PRECOMPILE_PREFIX_HEADER = YES;
				GCC_PREFIX_HEADER = "Sub Port/Sub Port-Prefix.pch";
				INFOPLIST_FILE = "Sub Port/Sub Port-Info.plist";
				PRODUCT_NAME = "$(TARGET_NAME)";
				WRAPPER_EXTENSION = app;
			};
			name = Release;
		};
		BF69870118B9D2E80004E31F /* Debug */ = {
			isa = XCBuildConfiguration;
			buildSettings = {
				ARCHS = "$(ARCHS_STANDARD_INCLUDING_64_BIT)";
				BUNDLE_LOADER = "$(BUILT_PRODUCTS_DIR)/Sub Port.app/Sub Port";
				FRAMEWORK_SEARCH_PATHS = (
					"$(SDKROOT)/Developer/Library/Frameworks",
					"$(inherited)",
					"$(DEVELOPER_FRAMEWORKS_DIR)",
				);
				GCC_PRECOMPILE_PREFIX_HEADER = YES;
				GCC_PREFIX_HEADER = "Sub Port/Sub Port-Prefix.pch";
				GCC_PREPROCESSOR_DEFINITIONS = (
					"DEBUG=1",
					"$(inherited)",
				);
				INFOPLIST_FILE = "Sub PortTests/Sub PortTests-Info.plist";
				PRODUCT_NAME = "$(TARGET_NAME)";
				TEST_HOST = "$(BUNDLE_LOADER)";
				WRAPPER_EXTENSION = xctest;
			};
			name = Debug;
		};
		BF69870218B9D2E80004E31F /* Release */ = {
			isa = XCBuildConfiguration;
			buildSettings = {
				ARCHS = "$(ARCHS_STANDARD_INCLUDING_64_BIT)";
				BUNDLE_LOADER = "$(BUILT_PRODUCTS_DIR)/Sub Port.app/Sub Port";
				FRAMEWORK_SEARCH_PATHS = (
					"$(SDKROOT)/Developer/Library/Frameworks",
					"$(inherited)",
					"$(DEVELOPER_FRAMEWORKS_DIR)",
				);
				GCC_PRECOMPILE_PREFIX_HEADER = YES;
				GCC_PREFIX_HEADER = "Sub Port/Sub Port-Prefix.pch";
				INFOPLIST_FILE = "Sub PortTests/Sub PortTests-Info.plist";
				PRODUCT_NAME = "$(TARGET_NAME)";
				TEST_HOST = "$(BUNDLE_LOADER)";
				WRAPPER_EXTENSION = xctest;
			};
			name = Release;
		};
/* End XCBuildConfiguration section */

/* Begin XCConfigurationList section */
		BF6986CC18B9D2E80004E31F /* Build configuration list for PBXProject "Sub Port" */ = {
			isa = XCConfigurationList;
			buildConfigurations = (
				BF6986FB18B9D2E80004E31F /* Debug */,
				BF6986FC18B9D2E80004E31F /* Release */,
			);
			defaultConfigurationIsVisible = 0;
			defaultConfigurationName = Release;
		};
		BF6986FD18B9D2E80004E31F /* Build configuration list for PBXNativeTarget "Sub Port" */ = {
			isa = XCConfigurationList;
			buildConfigurations = (
				BF6986FE18B9D2E80004E31F /* Debug */,
				BF6986FF18B9D2E80004E31F /* Release */,
			);
			defaultConfigurationIsVisible = 0;
			defaultConfigurationName = Release;
		};
		BF69870018B9D2E80004E31F /* Build configuration list for PBXNativeTarget "Sub PortTests" */ = {
			isa = XCConfigurationList;
			buildConfigurations = (
				BF69870118B9D2E80004E31F /* Debug */,
				BF69870218B9D2E80004E31F /* Release */,
			);
			defaultConfigurationIsVisible = 0;
			defaultConfigurationName = Release;
		};
/* End XCConfigurationList section */
	};
	rootObject = BF6986C918B9D2E80004E31F /* Project object */;
}
