// !$*UTF8*$!
{
	archiveVersion = 1;
	classes = {
	};
	objectVersion = 46;
	objects = {

/* Begin PBXBuildFile section */
		2B44D4E1190B61900027B984 /* ToggleRowTableViewCell.m in Sources */ = {isa = PBXBuildFile; fileRef = 2B44D4DF190B61900027B984 /* ToggleRowTableViewCell.m */; };
		2B44D4E2190B61900027B984 /* ToggleRowTableViewCell.xib in Resources */ = {isa = PBXBuildFile; fileRef = 2B44D4E0190B61900027B984 /* ToggleRowTableViewCell.xib */; };
		2B44D4E5190B624B0027B984 /* ToggleRow.m in Sources */ = {isa = PBXBuildFile; fileRef = 2B44D4E4190B624B0027B984 /* ToggleRow.m */; };
		2B44D4F6190B75EE0027B984 /* ADMDetailViewController.m in Sources */ = {isa = PBXBuildFile; fileRef = 2B44D4F4190B75EE0027B984 /* ADMDetailViewController.m */; };
		2B44D4F7190B75EE0027B984 /* ADMDetailViewController.xib in Resources */ = {isa = PBXBuildFile; fileRef = 2B44D4F5190B75EE0027B984 /* ADMDetailViewController.xib */; };
		2BA190ED190C36AA0051FDED /* AdminObject.m in Sources */ = {isa = PBXBuildFile; fileRef = 2BA190E2190C36AA0051FDED /* AdminObject.m */; };
		2BA190EE190C36AA0051FDED /* ContentArea.m in Sources */ = {isa = PBXBuildFile; fileRef = 2BA190E4190C36AA0051FDED /* ContentArea.m */; };
		2BA190EF190C36AA0051FDED /* DeliveryMode.m in Sources */ = {isa = PBXBuildFile; fileRef = 2BA190E6190C36AA0051FDED /* DeliveryMode.m */; };
		2BA190F0190C36AA0051FDED /* FormatType.m in Sources */ = {isa = PBXBuildFile; fileRef = 2BA190E8190C36AA0051FDED /* FormatType.m */; };
		2BA190F1190C36AA0051FDED /* Provider.m in Sources */ = {isa = PBXBuildFile; fileRef = 2BA190EA190C36AA0051FDED /* Provider.m */; };
		2BA190F2190C36AA0051FDED /* SubscriptionType.m in Sources */ = {isa = PBXBuildFile; fileRef = 2BA190EC190C36AA0051FDED /* SubscriptionType.m */; };
		2BA190FA190C3EDD0051FDED /* ADMContentAreasTableViewController.m in Sources */ = {isa = PBXBuildFile; fileRef = 2BA190F5190C3EDD0051FDED /* ADMContentAreasTableViewController.m */; };
		2BA190FB190C3EDD0051FDED /* ADMDeliveryModesTableViewController.m in Sources */ = {isa = PBXBuildFile; fileRef = 2BA190F7190C3EDD0051FDED /* ADMDeliveryModesTableViewController.m */; };
		2BA190FC190C3EDD0051FDED /* ADMFormatTableViewController.m in Sources */ = {isa = PBXBuildFile; fileRef = 2BA190F9190C3EDD0051FDED /* ADMFormatTableViewController.m */; };
		56B7885E18F74F6E00E0022D /* SUBMainTableViewController.m in Sources */ = {isa = PBXBuildFile; fileRef = 56B7885D18F74F6E00E0022D /* SUBMainTableViewController.m */; };
		56B7886218F7584100E0022D /* SUBSettingsViewController.m in Sources */ = {isa = PBXBuildFile; fileRef = 56B7886018F7584100E0022D /* SUBSettingsViewController.m */; };
		56B7886318F7584100E0022D /* SUBSettingsViewController.xib in Resources */ = {isa = PBXBuildFile; fileRef = 56B7886118F7584100E0022D /* SUBSettingsViewController.xib */; };
		BF061B6118E7893F005B1246 /* FormFieldTableViewCell.m in Sources */ = {isa = PBXBuildFile; fileRef = BF061B5F18E7893F005B1246 /* FormFieldTableViewCell.m */; };
		BF061B6218E7893F005B1246 /* FormFieldTableViewCell.xib in Resources */ = {isa = PBXBuildFile; fileRef = BF061B6018E7893F005B1246 /* FormFieldTableViewCell.xib */; };
		BF6986D518B9D2E80004E31F /* Foundation.framework in Frameworks */ = {isa = PBXBuildFile; fileRef = BF6986D418B9D2E80004E31F /* Foundation.framework */; };
		BF6986D718B9D2E80004E31F /* CoreGraphics.framework in Frameworks */ = {isa = PBXBuildFile; fileRef = BF6986D618B9D2E80004E31F /* CoreGraphics.framework */; };
		BF6986D918B9D2E80004E31F /* UIKit.framework in Frameworks */ = {isa = PBXBuildFile; fileRef = BF6986D818B9D2E80004E31F /* UIKit.framework */; };
		BF6986DF18B9D2E80004E31F /* InfoPlist.strings in Resources */ = {isa = PBXBuildFile; fileRef = BF6986DD18B9D2E80004E31F /* InfoPlist.strings */; };
		BF6986E118B9D2E80004E31F /* main.m in Sources */ = {isa = PBXBuildFile; fileRef = BF6986E018B9D2E80004E31F /* main.m */; };
		BF6986E518B9D2E80004E31F /* AppDelegate.m in Sources */ = {isa = PBXBuildFile; fileRef = BF6986E418B9D2E80004E31F /* AppDelegate.m */; };
		BF6986E718B9D2E80004E31F /* Images.xcassets in Resources */ = {isa = PBXBuildFile; fileRef = BF6986E618B9D2E80004E31F /* Images.xcassets */; };
		BF6986EE18B9D2E80004E31F /* XCTest.framework in Frameworks */ = {isa = PBXBuildFile; fileRef = BF6986ED18B9D2E80004E31F /* XCTest.framework */; };
		BF6986EF18B9D2E80004E31F /* Foundation.framework in Frameworks */ = {isa = PBXBuildFile; fileRef = BF6986D418B9D2E80004E31F /* Foundation.framework */; };
		BF6986F018B9D2E80004E31F /* UIKit.framework in Frameworks */ = {isa = PBXBuildFile; fileRef = BF6986D818B9D2E80004E31F /* UIKit.framework */; };
		BF6986F818B9D2E80004E31F /* InfoPlist.strings in Resources */ = {isa = PBXBuildFile; fileRef = BF6986F618B9D2E80004E31F /* InfoPlist.strings */; };
		BF6986FA18B9D2E80004E31F /* Sub_PortTests.m in Sources */ = {isa = PBXBuildFile; fileRef = BF6986F918B9D2E80004E31F /* Sub_PortTests.m */; };
		BF69871618BA82B90004E31F /* LoginViewController.m in Sources */ = {isa = PBXBuildFile; fileRef = BF69871418BA82B90004E31F /* LoginViewController.m */; };
		BF69871718BA82B90004E31F /* LoginViewController.xib in Resources */ = {isa = PBXBuildFile; fileRef = BF69871518BA82B90004E31F /* LoginViewController.xib */; };
		BF69871B18BA82D00004E31F /* MainViewController.m in Sources */ = {isa = PBXBuildFile; fileRef = BF69871918BA82D00004E31F /* MainViewController.m */; };
		BF69871C18BA82D00004E31F /* MainViewController.xib in Resources */ = {isa = PBXBuildFile; fileRef = BF69871A18BA82D00004E31F /* MainViewController.xib */; };
		BF69871F18BA850C0004E31F /* VerifiedUser.m in Sources */ = {isa = PBXBuildFile; fileRef = BF69871E18BA850C0004E31F /* VerifiedUser.m */; };
		BF7A776718D3AEA60035C267 /* WebServiceURLBuilder.m in Sources */ = {isa = PBXBuildFile; fileRef = BF7A776618D3AEA60035C267 /* WebServiceURLBuilder.m */; };
		BF9FB23218E9055700B81140 /* CreateAccountTableViewController.m in Sources */ = {isa = PBXBuildFile; fileRef = BF9FB23118E9055700B81140 /* CreateAccountTableViewController.m */; };
		BF9FB27618E9350200B81140 /* FormFieldRow.m in Sources */ = {isa = PBXBuildFile; fileRef = BF9FB27518E9350200B81140 /* FormFieldRow.m */; };
		BFAC495C18FB5B43007F3862 /* ADMMainTableViewController.m in Sources */ = {isa = PBXBuildFile; fileRef = BFAC495B18FB5B43007F3862 /* ADMMainTableViewController.m */; };
		BFAC495F18FB5B59007F3862 /* CMAMainTableViewController.m in Sources */ = {isa = PBXBuildFile; fileRef = BFAC495E18FB5B59007F3862 /* CMAMainTableViewController.m */; };
		BFAC496618FB6A90007F3862 /* UNISettingsViewController.m in Sources */ = {isa = PBXBuildFile; fileRef = BFAC496418FB6A90007F3862 /* UNISettingsViewController.m */; };
		BFAC496718FB6A90007F3862 /* UNISettingsViewController.xib in Resources */ = {isa = PBXBuildFile; fileRef = BFAC496518FB6A90007F3862 /* UNISettingsViewController.xib */; };
		BFAF6B7518FCBF270004FCE1 /* ContentElement.m in Sources */ = {isa = PBXBuildFile; fileRef = BFAF6B7418FCBF270004FCE1 /* ContentElement.m */; };
		BFAF6B9B18FCDB860004FCE1 /* SUBContentDetailsViewController.m in Sources */ = {isa = PBXBuildFile; fileRef = BFAF6B9918FCDB860004FCE1 /* SUBContentDetailsViewController.m */; };
		BFAF6B9C18FCDB860004FCE1 /* SUBContentDetailsViewController.xib in Resources */ = {isa = PBXBuildFile; fileRef = BFAF6B9A18FCDB860004FCE1 /* SUBContentDetailsViewController.xib */; };
		BFAF6B9F18FCEB470004FCE1 /* CMAContentListTableViewController.m in Sources */ = {isa = PBXBuildFile; fileRef = BFAF6B9E18FCEB470004FCE1 /* CMAContentListTableViewController.m */; };
		BFB04C6218F8B84400B28EC8 /* SUBSelectProvidersTableViewController.m in Sources */ = {isa = PBXBuildFile; fileRef = BFB04C6118F8B84400B28EC8 /* SUBSelectProvidersTableViewController.m */; };
		BFB04C8718F8D0C700B28EC8 /* SUBProviderDetailTableViewController.m in Sources */ = {isa = PBXBuildFile; fileRef = BFB04C8618F8D0C700B28EC8 /* SUBProviderDetailTableViewController.m */; };
		BFB04CC918F8F9ED00B28EC8 /* DetailTableViewCell.m in Sources */ = {isa = PBXBuildFile; fileRef = BFB04CC718F8F9ED00B28EC8 /* DetailTableViewCell.m */; };
		BFB04CCA18F8F9ED00B28EC8 /* DetailTableViewCell.xib in Resources */ = {isa = PBXBuildFile; fileRef = BFB04CC818F8F9ED00B28EC8 /* DetailTableViewCell.xib */; };
		BFB04CCD18F8FA0D00B28EC8 /* DetailRow.m in Sources */ = {isa = PBXBuildFile; fileRef = BFB04CCC18F8FA0D00B28EC8 /* DetailRow.m */; };
		BFFB40B218FDDCA500F99243 /* CMAEditContentDetailsViewController.m in Sources */ = {isa = PBXBuildFile; fileRef = BFFB40B018FDDCA500F99243 /* CMAEditContentDetailsViewController.m */; };
		BFFB40B318FDDCA500F99243 /* CMAEditContentDetailsViewController.xib in Resources */ = {isa = PBXBuildFile; fileRef = BFFB40B118FDDCA500F99243 /* CMAEditContentDetailsViewController.xib */; };
/* End PBXBuildFile section */

/* Begin PBXContainerItemProxy section */
		BF6986F118B9D2E80004E31F /* PBXContainerItemProxy */ = {
			isa = PBXContainerItemProxy;
			containerPortal = BF6986C918B9D2E80004E31F /* Project object */;
			proxyType = 1;
			remoteGlobalIDString = BF6986D018B9D2E80004E31F;
			remoteInfo = "Sub Port";
		};
/* End PBXContainerItemProxy section */

/* Begin PBXFileReference section */
		2B44D4DE190B61900027B984 /* ToggleRowTableViewCell.h */ = {isa = PBXFileReference; fileEncoding = 4; lastKnownFileType = sourcecode.c.h; path = ToggleRowTableViewCell.h; sourceTree = "<group>"; };
		2B44D4DF190B61900027B984 /* ToggleRowTableViewCell.m */ = {isa = PBXFileReference; fileEncoding = 4; lastKnownFileType = sourcecode.c.objc; path = ToggleRowTableViewCell.m; sourceTree = "<group>"; };
		2B44D4E0190B61900027B984 /* ToggleRowTableViewCell.xib */ = {isa = PBXFileReference; fileEncoding = 4; lastKnownFileType = file.xib; path = ToggleRowTableViewCell.xib; sourceTree = "<group>"; };
		2B44D4E3190B624B0027B984 /* ToggleRow.h */ = {isa = PBXFileReference; fileEncoding = 4; lastKnownFileType = sourcecode.c.h; path = ToggleRow.h; sourceTree = "<group>"; };
		2B44D4E4190B624B0027B984 /* ToggleRow.m */ = {isa = PBXFileReference; fileEncoding = 4; lastKnownFileType = sourcecode.c.objc; path = ToggleRow.m; sourceTree = "<group>"; };
		2B44D4F3190B75EE0027B984 /* ADMDetailViewController.h */ = {isa = PBXFileReference; fileEncoding = 4; lastKnownFileType = sourcecode.c.h; name = ADMDetailViewController.h; path = "Sub Port/View Controllers/Admin Views/ADMDetailViewController.h"; sourceTree = SOURCE_ROOT; };
		2B44D4F4190B75EE0027B984 /* ADMDetailViewController.m */ = {isa = PBXFileReference; fileEncoding = 4; lastKnownFileType = sourcecode.c.objc; name = ADMDetailViewController.m; path = "Sub Port/View Controllers/Admin Views/ADMDetailViewController.m"; sourceTree = SOURCE_ROOT; };
		2B44D4F5190B75EE0027B984 /* ADMDetailViewController.xib */ = {isa = PBXFileReference; fileEncoding = 4; lastKnownFileType = file.xib; name = ADMDetailViewController.xib; path = "Sub Port/View Controllers/Admin Views/ADMDetailViewController.xib"; sourceTree = SOURCE_ROOT; };
		2BA190E1190C36AA0051FDED /* AdminObject.h */ = {isa = PBXFileReference; fileEncoding = 4; lastKnownFileType = sourcecode.c.h; path = AdminObject.h; sourceTree = "<group>"; };
		2BA190E2190C36AA0051FDED /* AdminObject.m */ = {isa = PBXFileReference; fileEncoding = 4; lastKnownFileType = sourcecode.c.objc; path = AdminObject.m; sourceTree = "<group>"; };
		2BA190E3190C36AA0051FDED /* ContentArea.h */ = {isa = PBXFileReference; fileEncoding = 4; lastKnownFileType = sourcecode.c.h; path = ContentArea.h; sourceTree = "<group>"; };
		2BA190E4190C36AA0051FDED /* ContentArea.m */ = {isa = PBXFileReference; fileEncoding = 4; lastKnownFileType = sourcecode.c.objc; path = ContentArea.m; sourceTree = "<group>"; };
		2BA190E5190C36AA0051FDED /* DeliveryMode.h */ = {isa = PBXFileReference; fileEncoding = 4; lastKnownFileType = sourcecode.c.h; path = DeliveryMode.h; sourceTree = "<group>"; };
		2BA190E6190C36AA0051FDED /* DeliveryMode.m */ = {isa = PBXFileReference; fileEncoding = 4; lastKnownFileType = sourcecode.c.objc; path = DeliveryMode.m; sourceTree = "<group>"; };
		2BA190E7190C36AA0051FDED /* FormatType.h */ = {isa = PBXFileReference; fileEncoding = 4; lastKnownFileType = sourcecode.c.h; path = FormatType.h; sourceTree = "<group>"; };
		2BA190E8190C36AA0051FDED /* FormatType.m */ = {isa = PBXFileReference; fileEncoding = 4; lastKnownFileType = sourcecode.c.objc; path = FormatType.m; sourceTree = "<group>"; };
		2BA190E9190C36AA0051FDED /* Provider.h */ = {isa = PBXFileReference; fileEncoding = 4; lastKnownFileType = sourcecode.c.h; path = Provider.h; sourceTree = "<group>"; };
		2BA190EA190C36AA0051FDED /* Provider.m */ = {isa = PBXFileReference; fileEncoding = 4; lastKnownFileType = sourcecode.c.objc; path = Provider.m; sourceTree = "<group>"; };
		2BA190EB190C36AA0051FDED /* SubscriptionType.h */ = {isa = PBXFileReference; fileEncoding = 4; lastKnownFileType = sourcecode.c.h; path = SubscriptionType.h; sourceTree = "<group>"; };
		2BA190EC190C36AA0051FDED /* SubscriptionType.m */ = {isa = PBXFileReference; fileEncoding = 4; lastKnownFileType = sourcecode.c.objc; path = SubscriptionType.m; sourceTree = "<group>"; };
		2BA190F4190C3EDD0051FDED /* ADMContentAreasTableViewController.h */ = {isa = PBXFileReference; fileEncoding = 4; lastKnownFileType = sourcecode.c.h; path = ADMContentAreasTableViewController.h; sourceTree = "<group>"; };
		2BA190F5190C3EDD0051FDED /* ADMContentAreasTableViewController.m */ = {isa = PBXFileReference; fileEncoding = 4; lastKnownFileType = sourcecode.c.objc; path = ADMContentAreasTableViewController.m; sourceTree = "<group>"; };
		2BA190F6190C3EDD0051FDED /* ADMDeliveryModesTableViewController.h */ = {isa = PBXFileReference; fileEncoding = 4; lastKnownFileType = sourcecode.c.h; path = ADMDeliveryModesTableViewController.h; sourceTree = "<group>"; };
		2BA190F7190C3EDD0051FDED /* ADMDeliveryModesTableViewController.m */ = {isa = PBXFileReference; fileEncoding = 4; lastKnownFileType = sourcecode.c.objc; path = ADMDeliveryModesTableViewController.m; sourceTree = "<group>"; };
		2BA190F8190C3EDD0051FDED /* ADMFormatTableViewController.h */ = {isa = PBXFileReference; fileEncoding = 4; lastKnownFileType = sourcecode.c.h; path = ADMFormatTableViewController.h; sourceTree = "<group>"; };
		2BA190F9190C3EDD0051FDED /* ADMFormatTableViewController.m */ = {isa = PBXFileReference; fileEncoding = 4; lastKnownFileType = sourcecode.c.objc; path = ADMFormatTableViewController.m; sourceTree = "<group>"; };
		56B7885C18F74F6E00E0022D /* SUBMainTableViewController.h */ = {isa = PBXFileReference; fileEncoding = 4; lastKnownFileType = sourcecode.c.h; path = SUBMainTableViewController.h; sourceTree = "<group>"; };
		56B7885D18F74F6E00E0022D /* SUBMainTableViewController.m */ = {isa = PBXFileReference; fileEncoding = 4; lastKnownFileType = sourcecode.c.objc; path = SUBMainTableViewController.m; sourceTree = "<group>"; };
		56B7885F18F7584100E0022D /* SUBSettingsViewController.h */ = {isa = PBXFileReference; fileEncoding = 4; lastKnownFileType = sourcecode.c.h; path = SUBSettingsViewController.h; sourceTree = "<group>"; };
		56B7886018F7584100E0022D /* SUBSettingsViewController.m */ = {isa = PBXFileReference; fileEncoding = 4; lastKnownFileType = sourcecode.c.objc; path = SUBSettingsViewController.m; sourceTree = "<group>"; };
		56B7886118F7584100E0022D /* SUBSettingsViewController.xib */ = {isa = PBXFileReference; fileEncoding = 4; lastKnownFileType = file.xib; path = SUBSettingsViewController.xib; sourceTree = "<group>"; };
		BF061B5E18E7893F005B1246 /* FormFieldTableViewCell.h */ = {isa = PBXFileReference; fileEncoding = 4; lastKnownFileType = sourcecode.c.h; path = FormFieldTableViewCell.h; sourceTree = "<group>"; };
		BF061B5F18E7893F005B1246 /* FormFieldTableViewCell.m */ = {isa = PBXFileReference; fileEncoding = 4; lastKnownFileType = sourcecode.c.objc; path = FormFieldTableViewCell.m; sourceTree = "<group>"; };
		BF061B6018E7893F005B1246 /* FormFieldTableViewCell.xib */ = {isa = PBXFileReference; fileEncoding = 4; lastKnownFileType = file.xib; path = FormFieldTableViewCell.xib; sourceTree = "<group>"; };
		BF6986D118B9D2E80004E31F /* Sub Port.app */ = {isa = PBXFileReference; explicitFileType = wrapper.application; includeInIndex = 0; path = "Sub Port.app"; sourceTree = BUILT_PRODUCTS_DIR; };
		BF6986D418B9D2E80004E31F /* Foundation.framework */ = {isa = PBXFileReference; lastKnownFileType = wrapper.framework; name = Foundation.framework; path = System/Library/Frameworks/Foundation.framework; sourceTree = SDKROOT; };
		BF6986D618B9D2E80004E31F /* CoreGraphics.framework */ = {isa = PBXFileReference; lastKnownFileType = wrapper.framework; name = CoreGraphics.framework; path = System/Library/Frameworks/CoreGraphics.framework; sourceTree = SDKROOT; };
		BF6986D818B9D2E80004E31F /* UIKit.framework */ = {isa = PBXFileReference; lastKnownFileType = wrapper.framework; name = UIKit.framework; path = System/Library/Frameworks/UIKit.framework; sourceTree = SDKROOT; };
		BF6986DC18B9D2E80004E31F /* Sub Port-Info.plist */ = {isa = PBXFileReference; lastKnownFileType = text.plist.xml; path = "Sub Port-Info.plist"; sourceTree = "<group>"; };
		BF6986DE18B9D2E80004E31F /* en */ = {isa = PBXFileReference; lastKnownFileType = text.plist.strings; name = en; path = en.lproj/InfoPlist.strings; sourceTree = "<group>"; };
		BF6986E018B9D2E80004E31F /* main.m */ = {isa = PBXFileReference; lastKnownFileType = sourcecode.c.objc; path = main.m; sourceTree = "<group>"; };
		BF6986E218B9D2E80004E31F /* Sub Port-Prefix.pch */ = {isa = PBXFileReference; lastKnownFileType = sourcecode.c.h; path = "Sub Port-Prefix.pch"; sourceTree = "<group>"; };
		BF6986E318B9D2E80004E31F /* AppDelegate.h */ = {isa = PBXFileReference; lastKnownFileType = sourcecode.c.h; path = AppDelegate.h; sourceTree = "<group>"; };
		BF6986E418B9D2E80004E31F /* AppDelegate.m */ = {isa = PBXFileReference; lastKnownFileType = sourcecode.c.objc; path = AppDelegate.m; sourceTree = "<group>"; };
		BF6986E618B9D2E80004E31F /* Images.xcassets */ = {isa = PBXFileReference; lastKnownFileType = folder.assetcatalog; path = Images.xcassets; sourceTree = "<group>"; };
		BF6986EC18B9D2E80004E31F /* Sub PortTests.xctest */ = {isa = PBXFileReference; explicitFileType = wrapper.cfbundle; includeInIndex = 0; path = "Sub PortTests.xctest"; sourceTree = BUILT_PRODUCTS_DIR; };
		BF6986ED18B9D2E80004E31F /* XCTest.framework */ = {isa = PBXFileReference; lastKnownFileType = wrapper.framework; name = XCTest.framework; path = Library/Frameworks/XCTest.framework; sourceTree = DEVELOPER_DIR; };
		BF6986F518B9D2E80004E31F /* Sub PortTests-Info.plist */ = {isa = PBXFileReference; lastKnownFileType = text.plist.xml; path = "Sub PortTests-Info.plist"; sourceTree = "<group>"; };
		BF6986F718B9D2E80004E31F /* en */ = {isa = PBXFileReference; lastKnownFileType = text.plist.strings; name = en; path = en.lproj/InfoPlist.strings; sourceTree = "<group>"; };
		BF6986F918B9D2E80004E31F /* Sub_PortTests.m */ = {isa = PBXFileReference; lastKnownFileType = sourcecode.c.objc; path = Sub_PortTests.m; sourceTree = "<group>"; };
		BF69871318BA82B90004E31F /* LoginViewController.h */ = {isa = PBXFileReference; fileEncoding = 4; lastKnownFileType = sourcecode.c.h; path = LoginViewController.h; sourceTree = "<group>"; };
		BF69871418BA82B90004E31F /* LoginViewController.m */ = {isa = PBXFileReference; fileEncoding = 4; lastKnownFileType = sourcecode.c.objc; path = LoginViewController.m; sourceTree = "<group>"; };
		BF69871518BA82B90004E31F /* LoginViewController.xib */ = {isa = PBXFileReference; fileEncoding = 4; lastKnownFileType = file.xib; path = LoginViewController.xib; sourceTree = "<group>"; };
		BF69871818BA82D00004E31F /* MainViewController.h */ = {isa = PBXFileReference; fileEncoding = 4; lastKnownFileType = sourcecode.c.h; path = MainViewController.h; sourceTree = "<group>"; };
		BF69871918BA82D00004E31F /* MainViewController.m */ = {isa = PBXFileReference; fileEncoding = 4; lastKnownFileType = sourcecode.c.objc; path = MainViewController.m; sourceTree = "<group>"; };
		BF69871A18BA82D00004E31F /* MainViewController.xib */ = {isa = PBXFileReference; fileEncoding = 4; lastKnownFileType = file.xib; path = MainViewController.xib; sourceTree = "<group>"; };
		BF69871D18BA850C0004E31F /* VerifiedUser.h */ = {isa = PBXFileReference; fileEncoding = 4; lastKnownFileType = sourcecode.c.h; path = VerifiedUser.h; sourceTree = "<group>"; };
		BF69871E18BA850C0004E31F /* VerifiedUser.m */ = {isa = PBXFileReference; fileEncoding = 4; lastKnownFileType = sourcecode.c.objc; path = VerifiedUser.m; sourceTree = "<group>"; };
		BF7A776518D3AEA60035C267 /* WebServiceURLBuilder.h */ = {isa = PBXFileReference; fileEncoding = 4; lastKnownFileType = sourcecode.c.h; path = WebServiceURLBuilder.h; sourceTree = "<group>"; };
		BF7A776618D3AEA60035C267 /* WebServiceURLBuilder.m */ = {isa = PBXFileReference; fileEncoding = 4; lastKnownFileType = sourcecode.c.objc; path = WebServiceURLBuilder.m; sourceTree = "<group>"; };
		BF9FB23018E9055700B81140 /* CreateAccountTableViewController.h */ = {isa = PBXFileReference; fileEncoding = 4; lastKnownFileType = sourcecode.c.h; path = CreateAccountTableViewController.h; sourceTree = "<group>"; };
		BF9FB23118E9055700B81140 /* CreateAccountTableViewController.m */ = {isa = PBXFileReference; fileEncoding = 4; lastKnownFileType = sourcecode.c.objc; path = CreateAccountTableViewController.m; sourceTree = "<group>"; };
		BF9FB27418E9350200B81140 /* FormFieldRow.h */ = {isa = PBXFileReference; fileEncoding = 4; lastKnownFileType = sourcecode.c.h; path = FormFieldRow.h; sourceTree = "<group>"; };
		BF9FB27518E9350200B81140 /* FormFieldRow.m */ = {isa = PBXFileReference; fileEncoding = 4; lastKnownFileType = sourcecode.c.objc; path = FormFieldRow.m; sourceTree = "<group>"; };
		BFAC495A18FB5B43007F3862 /* ADMMainTableViewController.h */ = {isa = PBXFileReference; fileEncoding = 4; lastKnownFileType = sourcecode.c.h; path = ADMMainTableViewController.h; sourceTree = "<group>"; };
		BFAC495B18FB5B43007F3862 /* ADMMainTableViewController.m */ = {isa = PBXFileReference; fileEncoding = 4; lastKnownFileType = sourcecode.c.objc; path = ADMMainTableViewController.m; sourceTree = "<group>"; };
		BFAC495D18FB5B59007F3862 /* CMAMainTableViewController.h */ = {isa = PBXFileReference; fileEncoding = 4; lastKnownFileType = sourcecode.c.h; path = CMAMainTableViewController.h; sourceTree = "<group>"; };
		BFAC495E18FB5B59007F3862 /* CMAMainTableViewController.m */ = {isa = PBXFileReference; fileEncoding = 4; lastKnownFileType = sourcecode.c.objc; path = CMAMainTableViewController.m; sourceTree = "<group>"; };
		BFAC496318FB6A90007F3862 /* UNISettingsViewController.h */ = {isa = PBXFileReference; fileEncoding = 4; lastKnownFileType = sourcecode.c.h; path = UNISettingsViewController.h; sourceTree = "<group>"; };
		BFAC496418FB6A90007F3862 /* UNISettingsViewController.m */ = {isa = PBXFileReference; fileEncoding = 4; lastKnownFileType = sourcecode.c.objc; path = UNISettingsViewController.m; sourceTree = "<group>"; };
		BFAC496518FB6A90007F3862 /* UNISettingsViewController.xib */ = {isa = PBXFileReference; fileEncoding = 4; lastKnownFileType = file.xib; path = UNISettingsViewController.xib; sourceTree = "<group>"; };
		BFAF6B7318FCBF270004FCE1 /* ContentElement.h */ = {isa = PBXFileReference; fileEncoding = 4; lastKnownFileType = sourcecode.c.h; path = ContentElement.h; sourceTree = "<group>"; };
		BFAF6B7418FCBF270004FCE1 /* ContentElement.m */ = {isa = PBXFileReference; fileEncoding = 4; lastKnownFileType = sourcecode.c.objc; path = ContentElement.m; sourceTree = "<group>"; };
		BFAF6B9818FCDB860004FCE1 /* SUBContentDetailsViewController.h */ = {isa = PBXFileReference; fileEncoding = 4; lastKnownFileType = sourcecode.c.h; path = SUBContentDetailsViewController.h; sourceTree = "<group>"; };
		BFAF6B9918FCDB860004FCE1 /* SUBContentDetailsViewController.m */ = {isa = PBXFileReference; fileEncoding = 4; lastKnownFileType = sourcecode.c.objc; path = SUBContentDetailsViewController.m; sourceTree = "<group>"; };
		BFAF6B9A18FCDB860004FCE1 /* SUBContentDetailsViewController.xib */ = {isa = PBXFileReference; fileEncoding = 4; lastKnownFileType = file.xib; path = SUBContentDetailsViewController.xib; sourceTree = "<group>"; };
		BFAF6B9D18FCEB470004FCE1 /* CMAContentListTableViewController.h */ = {isa = PBXFileReference; fileEncoding = 4; lastKnownFileType = sourcecode.c.h; path = CMAContentListTableViewController.h; sourceTree = "<group>"; };
		BFAF6B9E18FCEB470004FCE1 /* CMAContentListTableViewController.m */ = {isa = PBXFileReference; fileEncoding = 4; lastKnownFileType = sourcecode.c.objc; path = CMAContentListTableViewController.m; sourceTree = "<group>"; };
		BFB04C6018F8B84400B28EC8 /* SUBSelectProvidersTableViewController.h */ = {isa = PBXFileReference; fileEncoding = 4; lastKnownFileType = sourcecode.c.h; path = SUBSelectProvidersTableViewController.h; sourceTree = "<group>"; };
		BFB04C6118F8B84400B28EC8 /* SUBSelectProvidersTableViewController.m */ = {isa = PBXFileReference; fileEncoding = 4; lastKnownFileType = sourcecode.c.objc; path = SUBSelectProvidersTableViewController.m; sourceTree = "<group>"; };
		BFB04C8518F8D0C700B28EC8 /* SUBProviderDetailTableViewController.h */ = {isa = PBXFileReference; fileEncoding = 4; lastKnownFileType = sourcecode.c.h; path = SUBProviderDetailTableViewController.h; sourceTree = "<group>"; };
		BFB04C8618F8D0C700B28EC8 /* SUBProviderDetailTableViewController.m */ = {isa = PBXFileReference; fileEncoding = 4; lastKnownFileType = sourcecode.c.objc; path = SUBProviderDetailTableViewController.m; sourceTree = "<group>"; };
		BFB04CC618F8F9ED00B28EC8 /* DetailTableViewCell.h */ = {isa = PBXFileReference; fileEncoding = 4; lastKnownFileType = sourcecode.c.h; path = DetailTableViewCell.h; sourceTree = "<group>"; };
		BFB04CC718F8F9ED00B28EC8 /* DetailTableViewCell.m */ = {isa = PBXFileReference; fileEncoding = 4; lastKnownFileType = sourcecode.c.objc; path = DetailTableViewCell.m; sourceTree = "<group>"; };
		BFB04CC818F8F9ED00B28EC8 /* DetailTableViewCell.xib */ = {isa = PBXFileReference; fileEncoding = 4; lastKnownFileType = file.xib; path = DetailTableViewCell.xib; sourceTree = "<group>"; };
		BFB04CCB18F8FA0D00B28EC8 /* DetailRow.h */ = {isa = PBXFileReference; fileEncoding = 4; lastKnownFileType = sourcecode.c.h; path = DetailRow.h; sourceTree = "<group>"; };
		BFB04CCC18F8FA0D00B28EC8 /* DetailRow.m */ = {isa = PBXFileReference; fileEncoding = 4; lastKnownFileType = sourcecode.c.objc; path = DetailRow.m; sourceTree = "<group>"; };
		BFFB40AF18FDDCA500F99243 /* CMAEditContentDetailsViewController.h */ = {isa = PBXFileReference; fileEncoding = 4; lastKnownFileType = sourcecode.c.h; path = CMAEditContentDetailsViewController.h; sourceTree = "<group>"; };
		BFFB40B018FDDCA500F99243 /* CMAEditContentDetailsViewController.m */ = {isa = PBXFileReference; fileEncoding = 4; lastKnownFileType = sourcecode.c.objc; path = CMAEditContentDetailsViewController.m; sourceTree = "<group>"; };
		BFFB40B118FDDCA500F99243 /* CMAEditContentDetailsViewController.xib */ = {isa = PBXFileReference; fileEncoding = 4; lastKnownFileType = file.xib; path = CMAEditContentDetailsViewController.xib; sourceTree = "<group>"; };
/* End PBXFileReference section */

/* Begin PBXFrameworksBuildPhase section */
		BF6986CE18B9D2E80004E31F /* Frameworks */ = {
			isa = PBXFrameworksBuildPhase;
			buildActionMask = 2147483647;
			files = (
				BF6986D718B9D2E80004E31F /* CoreGraphics.framework in Frameworks */,
				BF6986D918B9D2E80004E31F /* UIKit.framework in Frameworks */,
				BF6986D518B9D2E80004E31F /* Foundation.framework in Frameworks */,
			);
			runOnlyForDeploymentPostprocessing = 0;
		};
		BF6986E918B9D2E80004E31F /* Frameworks */ = {
			isa = PBXFrameworksBuildPhase;
			buildActionMask = 2147483647;
			files = (
				BF6986EE18B9D2E80004E31F /* XCTest.framework in Frameworks */,
				BF6986F018B9D2E80004E31F /* UIKit.framework in Frameworks */,
				BF6986EF18B9D2E80004E31F /* Foundation.framework in Frameworks */,
			);
			runOnlyForDeploymentPostprocessing = 0;
		};
/* End PBXFrameworksBuildPhase section */

/* Begin PBXGroup section */
		2B44D4EA190B6D8A0027B984 /* Detail Views */ = {
			isa = PBXGroup;
			children = (
				2B44D4F3190B75EE0027B984 /* ADMDetailViewController.h */,
				2B44D4F4190B75EE0027B984 /* ADMDetailViewController.m */,
				2B44D4F5190B75EE0027B984 /* ADMDetailViewController.xib */,
			);
			path = "Detail Views";
			sourceTree = "<group>";
		};
		2BA190E0190C36AA0051FDED /* Admin Objects */ = {
			isa = PBXGroup;
			children = (
				2BA190E1190C36AA0051FDED /* AdminObject.h */,
				2BA190E2190C36AA0051FDED /* AdminObject.m */,
				2BA190E3190C36AA0051FDED /* ContentArea.h */,
				2BA190E4190C36AA0051FDED /* ContentArea.m */,
				2BA190E5190C36AA0051FDED /* DeliveryMode.h */,
				2BA190E6190C36AA0051FDED /* DeliveryMode.m */,
				2BA190E7190C36AA0051FDED /* FormatType.h */,
				2BA190E8190C36AA0051FDED /* FormatType.m */,
				2BA190E9190C36AA0051FDED /* Provider.h */,
				2BA190EA190C36AA0051FDED /* Provider.m */,
				2BA190EB190C36AA0051FDED /* SubscriptionType.h */,
				2BA190EC190C36AA0051FDED /* SubscriptionType.m */,
			);
			path = "Admin Objects";
			sourceTree = "<group>";
		};
		2BA190F3190C3EDD0051FDED /* List Views */ = {
			isa = PBXGroup;
			children = (
				2BA190F4190C3EDD0051FDED /* ADMContentAreasTableViewController.h */,
				2BA190F5190C3EDD0051FDED /* ADMContentAreasTableViewController.m */,
				2BA190F6190C3EDD0051FDED /* ADMDeliveryModesTableViewController.h */,
				2BA190F7190C3EDD0051FDED /* ADMDeliveryModesTableViewController.m */,
				2BA190F8190C3EDD0051FDED /* ADMFormatTableViewController.h */,
				2BA190F9190C3EDD0051FDED /* ADMFormatTableViewController.m */,
			);
			path = "List Views";
			sourceTree = "<group>";
		};
		56B7885818F74BF700E0022D /* Universal Views */ = {
			isa = PBXGroup;
			children = (
				BF9FB23018E9055700B81140 /* CreateAccountTableViewController.h */,
				BF9FB23118E9055700B81140 /* CreateAccountTableViewController.m */,
				BF69871318BA82B90004E31F /* LoginViewController.h */,
				BF69871418BA82B90004E31F /* LoginViewController.m */,
				BF69871518BA82B90004E31F /* LoginViewController.xib */,
				BF69871818BA82D00004E31F /* MainViewController.h */,
				BF69871918BA82D00004E31F /* MainViewController.m */,
				BF69871A18BA82D00004E31F /* MainViewController.xib */,
				BFAC496318FB6A90007F3862 /* UNISettingsViewController.h */,
				BFAC496418FB6A90007F3862 /* UNISettingsViewController.m */,
				BFAC496518FB6A90007F3862 /* UNISettingsViewController.xib */,
			);
			name = "Universal Views";
			path = "Main Views";
			sourceTree = "<group>";
		};
		56B7885B18F74F4400E0022D /* Subscriber Views */ = {
			isa = PBXGroup;
			children = (
				56B7885C18F74F6E00E0022D /* SUBMainTableViewController.h */,
				56B7885D18F74F6E00E0022D /* SUBMainTableViewController.m */,
				BFAF6B9818FCDB860004FCE1 /* SUBContentDetailsViewController.h */,
				BFAF6B9918FCDB860004FCE1 /* SUBContentDetailsViewController.m */,
				BFAF6B9A18FCDB860004FCE1 /* SUBContentDetailsViewController.xib */,
				56B7885F18F7584100E0022D /* SUBSettingsViewController.h */,
				56B7886018F7584100E0022D /* SUBSettingsViewController.m */,
				56B7886118F7584100E0022D /* SUBSettingsViewController.xib */,
				BFB04C6018F8B84400B28EC8 /* SUBSelectProvidersTableViewController.h */,
				BFB04C6118F8B84400B28EC8 /* SUBSelectProvidersTableViewController.m */,
				BFB04C8518F8D0C700B28EC8 /* SUBProviderDetailTableViewController.h */,
				BFB04C8618F8D0C700B28EC8 /* SUBProviderDetailTableViewController.m */,
			);
			path = "Subscriber Views";
			sourceTree = "<group>";
		};
		BF061B5D18E78923005B1246 /* Table View Components */ = {
			isa = PBXGroup;
			children = (
				BF9FB27418E9350200B81140 /* FormFieldRow.h */,
				BF9FB27518E9350200B81140 /* FormFieldRow.m */,
				BF061B5E18E7893F005B1246 /* FormFieldTableViewCell.h */,
				BF061B5F18E7893F005B1246 /* FormFieldTableViewCell.m */,
				BF061B6018E7893F005B1246 /* FormFieldTableViewCell.xib */,
				BFB04CCB18F8FA0D00B28EC8 /* DetailRow.h */,
				BFB04CCC18F8FA0D00B28EC8 /* DetailRow.m */,
				BFB04CC618F8F9ED00B28EC8 /* DetailTableViewCell.h */,
				BFB04CC718F8F9ED00B28EC8 /* DetailTableViewCell.m */,
				BFB04CC818F8F9ED00B28EC8 /* DetailTableViewCell.xib */,
				2B44D4E3190B624B0027B984 /* ToggleRow.h */,
				2B44D4E4190B624B0027B984 /* ToggleRow.m */,
				2B44D4DE190B61900027B984 /* ToggleRowTableViewCell.h */,
				2B44D4DF190B61900027B984 /* ToggleRowTableViewCell.m */,
				2B44D4E0190B61900027B984 /* ToggleRowTableViewCell.xib */,
			);
			name = "Table View Components";
			path = "View Controllers/Table View Components";
			sourceTree = "<group>";
		};
		BF6986C818B9D2E80004E31F = {
			isa = PBXGroup;
			children = (
				BF6986DA18B9D2E80004E31F /* Sub Port */,
				BF6986F318B9D2E80004E31F /* Sub PortTests */,
				BF6986D318B9D2E80004E31F /* Frameworks */,
				BF6986D218B9D2E80004E31F /* Products */,
			);
			sourceTree = "<group>";
		};
		BF6986D218B9D2E80004E31F /* Products */ = {
			isa = PBXGroup;
			children = (
				BF6986D118B9D2E80004E31F /* Sub Port.app */,
				BF6986EC18B9D2E80004E31F /* Sub PortTests.xctest */,
			);
			name = Products;
			sourceTree = "<group>";
		};
		BF6986D318B9D2E80004E31F /* Frameworks */ = {
			isa = PBXGroup;
			children = (
				BF6986D418B9D2E80004E31F /* Foundation.framework */,
				BF6986D618B9D2E80004E31F /* CoreGraphics.framework */,
				BF6986D818B9D2E80004E31F /* UIKit.framework */,
				BF6986ED18B9D2E80004E31F /* XCTest.framework */,
			);
			name = Frameworks;
			sourceTree = "<group>";
		};
		BF6986DA18B9D2E80004E31F /* Sub Port */ = {
			isa = PBXGroup;
			children = (
				BF6986E318B9D2E80004E31F /* AppDelegate.h */,
				BF6986E418B9D2E80004E31F /* AppDelegate.m */,
				BF69871D18BA850C0004E31F /* VerifiedUser.h */,
				BF69871E18BA850C0004E31F /* VerifiedUser.m */,
				BFAF6B7318FCBF270004FCE1 /* ContentElement.h */,
				BFAF6B7418FCBF270004FCE1 /* ContentElement.m */,
				2BA190E0190C36AA0051FDED /* Admin Objects */,
				BF7A776418D3ADEC0035C267 /* Networking */,
				BF69871218B9D97A0004E31F /* View Controllers */,
				BF061B5D18E78923005B1246 /* Table View Components */,
				BF6986DB18B9D2E80004E31F /* Supporting Files */,
			);
			path = "Sub Port";
			sourceTree = "<group>";
		};
		BF6986DB18B9D2E80004E31F /* Supporting Files */ = {
			isa = PBXGroup;
			children = (
				BF6986E618B9D2E80004E31F /* Images.xcassets */,
				BF6986DC18B9D2E80004E31F /* Sub Port-Info.plist */,
				BF6986DD18B9D2E80004E31F /* InfoPlist.strings */,
				BF6986E018B9D2E80004E31F /* main.m */,
				BF6986E218B9D2E80004E31F /* Sub Port-Prefix.pch */,
			);
			name = "Supporting Files";
			sourceTree = "<group>";
		};
		BF6986F318B9D2E80004E31F /* Sub PortTests */ = {
			isa = PBXGroup;
			children = (
				BF6986F918B9D2E80004E31F /* Sub_PortTests.m */,
				BF6986F418B9D2E80004E31F /* Supporting Files */,
			);
			path = "Sub PortTests";
			sourceTree = "<group>";
		};
		BF6986F418B9D2E80004E31F /* Supporting Files */ = {
			isa = PBXGroup;
			children = (
				BF6986F518B9D2E80004E31F /* Sub PortTests-Info.plist */,
				BF6986F618B9D2E80004E31F /* InfoPlist.strings */,
			);
			name = "Supporting Files";
			sourceTree = "<group>";
		};
		BF69871218B9D97A0004E31F /* View Controllers */ = {
			isa = PBXGroup;
			children = (
				56B7885818F74BF700E0022D /* Universal Views */,
				56B7885B18F74F4400E0022D /* Subscriber Views */,
				BFAC495818FB5B12007F3862 /* Admin Views */,
				BFAC495918FB5B2D007F3862 /* Content Manager Views */,
			);
			path = "View Controllers";
			sourceTree = "<group>";
		};
		BF7A776418D3ADEC0035C267 /* Networking */ = {
			isa = PBXGroup;
			children = (
				BF7A776518D3AEA60035C267 /* WebServiceURLBuilder.h */,
				BF7A776618D3AEA60035C267 /* WebServiceURLBuilder.m */,
			);
			path = Networking;
			sourceTree = "<group>";
		};
		BFAC495818FB5B12007F3862 /* Admin Views */ = {
			isa = PBXGroup;
			children = (
				BFAC495A18FB5B43007F3862 /* ADMMainTableViewController.h */,
				BFAC495B18FB5B43007F3862 /* ADMMainTableViewController.m */,
				2BA190F3190C3EDD0051FDED /* List Views */,
				2B44D4EA190B6D8A0027B984 /* Detail Views */,
			);
			path = "Admin Views";
			sourceTree = "<group>";
		};
		BFAC495918FB5B2D007F3862 /* Content Manager Views */ = {
			isa = PBXGroup;
			children = (
				BFAC495D18FB5B59007F3862 /* CMAMainTableViewController.h */,
				BFAC495E18FB5B59007F3862 /* CMAMainTableViewController.m */,
				BFAF6B9D18FCEB470004FCE1 /* CMAContentListTableViewController.h */,
				BFAF6B9E18FCEB470004FCE1 /* CMAContentListTableViewController.m */,
				BFFB40AF18FDDCA500F99243 /* CMAEditContentDetailsViewController.h */,
				BFFB40B018FDDCA500F99243 /* CMAEditContentDetailsViewController.m */,
				BFFB40B118FDDCA500F99243 /* CMAEditContentDetailsViewController.xib */,
			);
			path = "Content Manager Views";
			sourceTree = "<group>";
		};
/* End PBXGroup section */

/* Begin PBXNativeTarget section */
		BF6986D018B9D2E80004E31F /* Sub Port */ = {
			isa = PBXNativeTarget;
			buildConfigurationList = BF6986FD18B9D2E80004E31F /* Build configuration list for PBXNativeTarget "Sub Port" */;
			buildPhases = (
				BF6986CD18B9D2E80004E31F /* Sources */,
				BF6986CE18B9D2E80004E31F /* Frameworks */,
				BF6986CF18B9D2E80004E31F /* Resources */,
			);
			buildRules = (
			);
			dependencies = (
			);
			name = "Sub Port";
			productName = "Sub Port";
			productReference = BF6986D118B9D2E80004E31F /* Sub Port.app */;
			productType = "com.apple.product-type.application";
		};
		BF6986EB18B9D2E80004E31F /* Sub PortTests */ = {
			isa = PBXNativeTarget;
			buildConfigurationList = BF69870018B9D2E80004E31F /* Build configuration list for PBXNativeTarget "Sub PortTests" */;
			buildPhases = (
				BF6986E818B9D2E80004E31F /* Sources */,
				BF6986E918B9D2E80004E31F /* Frameworks */,
				BF6986EA18B9D2E80004E31F /* Resources */,
			);
			buildRules = (
			);
			dependencies = (
				BF6986F218B9D2E80004E31F /* PBXTargetDependency */,
			);
			name = "Sub PortTests";
			productName = "Sub PortTests";
			productReference = BF6986EC18B9D2E80004E31F /* Sub PortTests.xctest */;
			productType = "com.apple.product-type.bundle.unit-test";
		};
/* End PBXNativeTarget section */

/* Begin PBXProject section */
		BF6986C918B9D2E80004E31F /* Project object */ = {
			isa = PBXProject;
			attributes = {
				LastUpgradeCheck = 0510;
				ORGANIZATIONNAME = "Sub Port Inc.";
				TargetAttributes = {
					BF6986EB18B9D2E80004E31F = {
						TestTargetID = BF6986D018B9D2E80004E31F;
					};
				};
			};
			buildConfigurationList = BF6986CC18B9D2E80004E31F /* Build configuration list for PBXProject "Sub Port" */;
			compatibilityVersion = "Xcode 3.2";
			developmentRegion = English;
			hasScannedForEncodings = 0;
			knownRegions = (
				en,
			);
			mainGroup = BF6986C818B9D2E80004E31F;
			productRefGroup = BF6986D218B9D2E80004E31F /* Products */;
			projectDirPath = "";
			projectRoot = "";
			targets = (
				BF6986D018B9D2E80004E31F /* Sub Port */,
				BF6986EB18B9D2E80004E31F /* Sub PortTests */,
			);
		};
/* End PBXProject section */

/* Begin PBXResourcesBuildPhase section */
		BF6986CF18B9D2E80004E31F /* Resources */ = {
			isa = PBXResourcesBuildPhase;
			buildActionMask = 2147483647;
			files = (
				BFAF6B9C18FCDB860004FCE1 /* SUBContentDetailsViewController.xib in Resources */,
				2B44D4E2190B61900027B984 /* ToggleRowTableViewCell.xib in Resources */,
				BF6986DF18B9D2E80004E31F /* InfoPlist.strings in Resources */,
				BF6986E718B9D2E80004E31F /* Images.xcassets in Resources */,
				2B44D4F7190B75EE0027B984 /* ADMDetailViewController.xib in Resources */,
				BFFB40B318FDDCA500F99243 /* CMAEditContentDetailsViewController.xib in Resources */,
				BFAC496718FB6A90007F3862 /* UNISettingsViewController.xib in Resources */,
				56B7886318F7584100E0022D /* SUBSettingsViewController.xib in Resources */,
				BF061B6218E7893F005B1246 /* FormFieldTableViewCell.xib in Resources */,
				BF69871718BA82B90004E31F /* LoginViewController.xib in Resources */,
				BFB04CCA18F8F9ED00B28EC8 /* DetailTableViewCell.xib in Resources */,
				BF69871C18BA82D00004E31F /* MainViewController.xib in Resources */,
			);
			runOnlyForDeploymentPostprocessing = 0;
		};
		BF6986EA18B9D2E80004E31F /* Resources */ = {
			isa = PBXResourcesBuildPhase;
			buildActionMask = 2147483647;
			files = (
				BF6986F818B9D2E80004E31F /* InfoPlist.strings in Resources */,
			);
			runOnlyForDeploymentPostprocessing = 0;
		};
/* End PBXResourcesBuildPhase section */

/* Begin PBXSourcesBuildPhase section */
		BF6986CD18B9D2E80004E31F /* Sources */ = {
			isa = PBXSourcesBuildPhase;
			buildActionMask = 2147483647;
			files = (
				2BA190EE190C36AA0051FDED /* ContentArea.m in Sources */,
				2B44D4E5190B624B0027B984 /* ToggleRow.m in Sources */,
				56B7886218F7584100E0022D /* SUBSettingsViewController.m in Sources */,
				BFAC495C18FB5B43007F3862 /* ADMMainTableViewController.m in Sources */,
				BFAF6B9B18FCDB860004FCE1 /* SUBContentDetailsViewController.m in Sources */,
				BFB04CCD18F8FA0D00B28EC8 /* DetailRow.m in Sources */,
				2B44D4E1190B61900027B984 /* ToggleRowTableViewCell.m in Sources */,
				BF7A776718D3AEA60035C267 /* WebServiceURLBuilder.m in Sources */,
				BFAF6B9F18FCEB470004FCE1 /* CMAContentListTableViewController.m in Sources */,
				BFAC495F18FB5B59007F3862 /* CMAMainTableViewController.m in Sources */,
				BF9FB23218E9055700B81140 /* CreateAccountTableViewController.m in Sources */,
				56B7885E18F74F6E00E0022D /* SUBMainTableViewController.m in Sources */,
				BF69871F18BA850C0004E31F /* VerifiedUser.m in Sources */,
				BF9FB27618E9350200B81140 /* FormFieldRow.m in Sources */,
				BFB04CC918F8F9ED00B28EC8 /* DetailTableViewCell.m in Sources */,
				2BA190FA190C3EDD0051FDED /* ADMContentAreasTableViewController.m in Sources */,
				BF6986E518B9D2E80004E31F /* AppDelegate.m in Sources */,
				BF061B6118E7893F005B1246 /* FormFieldTableViewCell.m in Sources */,
				BFB04C6218F8B84400B28EC8 /* SUBSelectProvidersTableViewController.m in Sources */,
				BFAF6B7518FCBF270004FCE1 /* ContentElement.m in Sources */,
				BFB04C8718F8D0C700B28EC8 /* SUBProviderDetailTableViewController.m in Sources */,
				2BA190FB190C3EDD0051FDED /* ADMDeliveryModesTableViewController.m in Sources */,
				2BA190F1190C36AA0051FDED /* Provider.m in Sources */,
				2BA190F0190C36AA0051FDED /* FormatType.m in Sources */,
				2BA190EF190C36AA0051FDED /* DeliveryMode.m in Sources */,
				BF6986E118B9D2E80004E31F /* main.m in Sources */,
				2BA190F2190C36AA0051FDED /* SubscriptionType.m in Sources */,
				BF69871618BA82B90004E31F /* LoginViewController.m in Sources */,
				BFAC496618FB6A90007F3862 /* UNISettingsViewController.m in Sources */,
				2BA190FC190C3EDD0051FDED /* ADMFormatTableViewController.m in Sources */,
				2B44D4F6190B75EE0027B984 /* ADMDetailViewController.m in Sources */,
				BF69871B18BA82D00004E31F /* MainViewController.m in Sources */,
				2BA190ED190C36AA0051FDED /* AdminObject.m in Sources */,
				BFFB40B218FDDCA500F99243 /* CMAEditContentDetailsViewController.m in Sources */,
			);
			runOnlyForDeploymentPostprocessing = 0;
		};
		BF6986E818B9D2E80004E31F /* Sources */ = {
			isa = PBXSourcesBuildPhase;
			buildActionMask = 2147483647;
			files = (
				BF6986FA18B9D2E80004E31F /* Sub_PortTests.m in Sources */,
			);
			runOnlyForDeploymentPostprocessing = 0;
		};
/* End PBXSourcesBuildPhase section */

/* Begin PBXTargetDependency section */
		BF6986F218B9D2E80004E31F /* PBXTargetDependency */ = {
			isa = PBXTargetDependency;
			target = BF6986D018B9D2E80004E31F /* Sub Port */;
			targetProxy = BF6986F118B9D2E80004E31F /* PBXContainerItemProxy */;
		};
/* End PBXTargetDependency section */

/* Begin PBXVariantGroup section */
		BF6986DD18B9D2E80004E31F /* InfoPlist.strings */ = {
			isa = PBXVariantGroup;
			children = (
				BF6986DE18B9D2E80004E31F /* en */,
			);
			name = InfoPlist.strings;
			sourceTree = "<group>";
		};
		BF6986F618B9D2E80004E31F /* InfoPlist.strings */ = {
			isa = PBXVariantGroup;
			children = (
				BF6986F718B9D2E80004E31F /* en */,
			);
			name = InfoPlist.strings;
			sourceTree = "<group>";
		};
/* End PBXVariantGroup section */

/* Begin XCBuildConfiguration section */
		BF6986FB18B9D2E80004E31F /* Debug */ = {
			isa = XCBuildConfiguration;
			buildSettings = {
				ALWAYS_SEARCH_USER_PATHS = NO;
				CLANG_CXX_LANGUAGE_STANDARD = "gnu++0x";
				CLANG_CXX_LIBRARY = "libc++";
				CLANG_ENABLE_MODULES = YES;
				CLANG_ENABLE_OBJC_ARC = YES;
				CLANG_WARN_BOOL_CONVERSION = YES;
				CLANG_WARN_CONSTANT_CONVERSION = YES;
				CLANG_WARN_DIRECT_OBJC_ISA_USAGE = YES_ERROR;
				CLANG_WARN_EMPTY_BODY = YES;
				CLANG_WARN_ENUM_CONVERSION = YES;
				CLANG_WARN_INT_CONVERSION = YES;
				CLANG_WARN_OBJC_ROOT_CLASS = YES_ERROR;
				CLANG_WARN__DUPLICATE_METHOD_MATCH = YES;
				"CODE_SIGN_IDENTITY[sdk=iphoneos*]" = "iPhone Developer";
				COPY_PHASE_STRIP = NO;
				GCC_C_LANGUAGE_STANDARD = gnu99;
				GCC_DYNAMIC_NO_PIC = NO;
				GCC_OPTIMIZATION_LEVEL = 0;
				GCC_PREPROCESSOR_DEFINITIONS = (
					"DEBUG=1",
					"$(inherited)",
				);
				GCC_SYMBOLS_PRIVATE_EXTERN = NO;
				GCC_WARN_64_TO_32_BIT_CONVERSION = YES;
				GCC_WARN_ABOUT_RETURN_TYPE = YES_ERROR;
				GCC_WARN_UNDECLARED_SELECTOR = YES;
				GCC_WARN_UNINITIALIZED_AUTOS = YES;
				GCC_WARN_UNUSED_FUNCTION = YES;
				GCC_WARN_UNUSED_VARIABLE = YES;
				IPHONEOS_DEPLOYMENT_TARGET = 7.0;
				ONLY_ACTIVE_ARCH = YES;
				SDKROOT = iphoneos;
				TARGETED_DEVICE_FAMILY = "1,2";
			};
			name = Debug;
		};
		BF6986FC18B9D2E80004E31F /* Release */ = {
			isa = XCBuildConfiguration;
			buildSettings = {
				ALWAYS_SEARCH_USER_PATHS = NO;
				CLANG_CXX_LANGUAGE_STANDARD = "gnu++0x";
				CLANG_CXX_LIBRARY = "libc++";
				CLANG_ENABLE_MODULES = YES;
				CLANG_ENABLE_OBJC_ARC = YES;
				CLANG_WARN_BOOL_CONVERSION = YES;
				CLANG_WARN_CONSTANT_CONVERSION = YES;
				CLANG_WARN_DIRECT_OBJC_ISA_USAGE = YES_ERROR;
				CLANG_WARN_EMPTY_BODY = YES;
				CLANG_WARN_ENUM_CONVERSION = YES;
				CLANG_WARN_INT_CONVERSION = YES;
				CLANG_WARN_OBJC_ROOT_CLASS = YES_ERROR;
				CLANG_WARN__DUPLICATE_METHOD_MATCH = YES;
				"CODE_SIGN_IDENTITY[sdk=iphoneos*]" = "iPhone Developer";
				COPY_PHASE_STRIP = YES;
				ENABLE_NS_ASSERTIONS = NO;
				GCC_C_LANGUAGE_STANDARD = gnu99;
				GCC_WARN_64_TO_32_BIT_CONVERSION = YES;
				GCC_WARN_ABOUT_RETURN_TYPE = YES_ERROR;
				GCC_WARN_UNDECLARED_SELECTOR = YES;
				GCC_WARN_UNINITIALIZED_AUTOS = YES;
				GCC_WARN_UNUSED_FUNCTION = YES;
				GCC_WARN_UNUSED_VARIABLE = YES;
				IPHONEOS_DEPLOYMENT_TARGET = 7.0;
				SDKROOT = iphoneos;
				TARGETED_DEVICE_FAMILY = "1,2";
				VALIDATE_PRODUCT = YES;
			};
			name = Release;
		};
		BF6986FE18B9D2E80004E31F /* Debug */ = {
			isa = XCBuildConfiguration;
			buildSettings = {
				ASSETCATALOG_COMPILER_APPICON_NAME = AppIcon;
				ASSETCATALOG_COMPILER_LAUNCHIMAGE_NAME = LaunchImage;
				CODE_SIGN_IDENTITY = "iPhone Developer";
				GCC_PRECOMPILE_PREFIX_HEADER = YES;
				GCC_PREFIX_HEADER = "Sub Port/Sub Port-Prefix.pch";
				INFOPLIST_FILE = "Sub Port/Sub Port-Info.plist";
				PRODUCT_NAME = "$(TARGET_NAME)";
				WRAPPER_EXTENSION = app;
			};
			name = Debug;
		};
		BF6986FF18B9D2E80004E31F /* Release */ = {
			isa = XCBuildConfiguration;
			buildSettings = {
				ASSETCATALOG_COMPILER_APPICON_NAME = AppIcon;
				ASSETCATALOG_COMPILER_LAUNCHIMAGE_NAME = LaunchImage;
				CODE_SIGN_IDENTITY = "iPhone Developer";
				GCC_PRECOMPILE_PREFIX_HEADER = YES;
				GCC_PREFIX_HEADER = "Sub Port/Sub Port-Prefix.pch";
				INFOPLIST_FILE = "Sub Port/Sub Port-Info.plist";
				PRODUCT_NAME = "$(TARGET_NAME)";
				WRAPPER_EXTENSION = app;
			};
			name = Release;
		};
		BF69870118B9D2E80004E31F /* Debug */ = {
			isa = XCBuildConfiguration;
			buildSettings = {
				BUNDLE_LOADER = "$(BUILT_PRODUCTS_DIR)/Sub Port.app/Sub Port";
				FRAMEWORK_SEARCH_PATHS = (
					"$(SDKROOT)/Developer/Library/Frameworks",
					"$(inherited)",
					"$(DEVELOPER_FRAMEWORKS_DIR)",
				);
				GCC_PRECOMPILE_PREFIX_HEADER = YES;
				GCC_PREFIX_HEADER = "Sub Port/Sub Port-Prefix.pch";
				GCC_PREPROCESSOR_DEFINITIONS = (
					"DEBUG=1",
					"$(inherited)",
				);
				INFOPLIST_FILE = "Sub PortTests/Sub PortTests-Info.plist";
				PRODUCT_NAME = "$(TARGET_NAME)";
				TEST_HOST = "$(BUNDLE_LOADER)";
				WRAPPER_EXTENSION = xctest;
			};
			name = Debug;
		};
		BF69870218B9D2E80004E31F /* Release */ = {
			isa = XCBuildConfiguration;
			buildSettings = {
				BUNDLE_LOADER = "$(BUILT_PRODUCTS_DIR)/Sub Port.app/Sub Port";
				FRAMEWORK_SEARCH_PATHS = (
					"$(SDKROOT)/Developer/Library/Frameworks",
					"$(inherited)",
					"$(DEVELOPER_FRAMEWORKS_DIR)",
				);
				GCC_PRECOMPILE_PREFIX_HEADER = YES;
				GCC_PREFIX_HEADER = "Sub Port/Sub Port-Prefix.pch";
				INFOPLIST_FILE = "Sub PortTests/Sub PortTests-Info.plist";
				PRODUCT_NAME = "$(TARGET_NAME)";
				TEST_HOST = "$(BUNDLE_LOADER)";
				WRAPPER_EXTENSION = xctest;
			};
			name = Release;
		};
/* End XCBuildConfiguration section */

/* Begin XCConfigurationList section */
		BF6986CC18B9D2E80004E31F /* Build configuration list for PBXProject "Sub Port" */ = {
			isa = XCConfigurationList;
			buildConfigurations = (
				BF6986FB18B9D2E80004E31F /* Debug */,
				BF6986FC18B9D2E80004E31F /* Release */,
			);
			defaultConfigurationIsVisible = 0;
			defaultConfigurationName = Release;
		};
		BF6986FD18B9D2E80004E31F /* Build configuration list for PBXNativeTarget "Sub Port" */ = {
			isa = XCConfigurationList;
			buildConfigurations = (
				BF6986FE18B9D2E80004E31F /* Debug */,
				BF6986FF18B9D2E80004E31F /* Release */,
			);
			defaultConfigurationIsVisible = 0;
			defaultConfigurationName = Release;
		};
		BF69870018B9D2E80004E31F /* Build configuration list for PBXNativeTarget "Sub PortTests" */ = {
			isa = XCConfigurationList;
			buildConfigurations = (
				BF69870118B9D2E80004E31F /* Debug */,
				BF69870218B9D2E80004E31F /* Release */,
			);
			defaultConfigurationIsVisible = 0;
			defaultConfigurationName = Release;
		};
/* End XCConfigurationList section */
	};
	rootObject = BF6986C918B9D2E80004E31F /* Project object */;
}
